{
  "name": "nodejs-app",
  "version": "1.0.0",
  "lockfileVersion": 3,
  "requires": true,
  "packages": {
    "": {
      "name": "nodejs-app",
      "version": "1.0.0",
      "license": "MIT",
      "dependencies": {
        "common": "file:../common"
      }
    },
    "../common": {
      "version": "1.0.0",
      "license": "ISC",
      "dependencies": {
        "common": "file:../common"
      }
    },
    "node_modules/common": {
      "resolved": "../common",
      "link": true
    }
  }
}
