{
  "name": "nodejs-app",
  "version": "1.0.0",
  "lockfileVersion": 3,
  "requires": true,
  "packages": {
    "": {
      "name": "nodejs-app",
      "version": "1.0.0",
      "license": "MIT",
      "dependencies": {
        "common": "file:common-1.0.0.tgz"
      }
    },
    "node_modules/common": {
      "version": "1.0.0",
      "resolved": "file:common-1.0.0.tgz",
      "integrity": "sha512-v9UG4Ehrdr7DNkNNb9MJdzSsB3gAuPApRWgslmXtxsvH5nieJle/xgeWyQVbUumKwD9aWr8mr5LXIsa+48I4zA==",
      "license": "ISC"
    }
  }
}
